{
  "name": "go69pizza---copy",
  "version": "1.0.0",
  "lockfileVersion": 3,
  "requires": true,
  "packages": {
    "": {
      "name": "go69pizza---copy",
      "version": "1.0.0",
      "license": "ISC",
      "dependencies": {
        "@fontsource/inter": "^5.2.8",
        "@fontsource/lexend": "^5.2.11",
        "@fontsource/material-symbols-outlined": "^5.2.42",
        "@fontsource/plus-jakarta-sans": "^5.2.8",
        "@fontsource/work-sans": "^5.2.8"
      },
      "devDependencies": {
        "@tailwindcss/container-queries": "^0.1.1",
        "@tailwindcss/forms": "^0.5.11",
        "tailwindcss": "^4.2.4"
      }
    },
    "node_modules/@fontsource/inter": {
      "version": "5.2.8",
      "resolved": "https://registry.npmjs.org/@fontsource/inter/-/inter-5.2.8.tgz",
      "integrity": "sha512-P6r5WnJoKiNVV+zvW2xM13gNdFhAEpQ9dQJHt3naLvfg+LkF2ldgSLiF4T41lf1SQCM9QmkqPTn4TH568IRagg==",
      "license": "OFL-1.1",
      "funding": {
        "url": "https://github.com/sponsors/ayuhito"
      }
    },
    "node_modules/@fontsource/lexend": {
      "version": "5.2.11",
      "resolved": "https://registry.npmjs.org/@fontsource/lexend/-/lexend-5.2.11.tgz",
      "integrity": "sha512-bShbQr2g2sWl7GJNyIxdllZST1faVbebXN6H7AEEDCRms/g4orDLxWnmTVodOtiErdZVUJURq4jpafZ34nIkTw==",
      "license": "OFL-1.1",
      "funding": {
        "url": "https://github.com/sponsors/ayuhito"
      }
    },
    "node_modules/@fontsource/material-symbols-outlined": {
      "version": "5.2.42",
      "resolved": "https://registry.npmjs.org/@fontsource/material-symbols-outlined/-/material-symbols-outlined-5.2.42.tgz",
      "integrity": "sha512-zqpdvl/vga8OSxbqpkpJu4zJ6i0APTww7v8s9Qw+ENBr+UeLxTuOT/3XD8Lc3RH2WRv2QmptbJvU3JT6Ppni7Q==",
      "license": "OFL-1.1",
      "funding": {
        "url": "https://github.com/sponsors/ayuhito"
      }
    },
    "node_modules/@fontsource/plus-jakarta-sans": {
      "version": "5.2.8",
      "resolved": "https://registry.npmjs.org/@fontsource/plus-jakarta-sans/-/plus-jakarta-sans-5.2.8.tgz",
      "integrity": "sha512-P5qE49fqdeD+7DXH1KBxmMPlB17LTz1zvBhFH0tFzfnYTKVJVyb0pR6plh0ZGXxcB+Oayb54FZZw3V42/DawTw==",
      "license": "OFL-1.1",
      "funding": {
        "url": "https://github.com/sponsors/ayuhito"
      }
    },
    "node_modules/@fontsource/work-sans": {
      "version": "5.2.8",
      "resolved": "https://registry.npmjs.org/@fontsource/work-sans/-/work-sans-5.2.8.tgz",
      "integrity": "sha512-6LaHjVVgts+rnrcqvEkP2+iUB/jw1oDSYsGO0+TltAhnWki9Hnf/UGpgMQh2jcm0GEH8VqCPnq4PpmHLFzxXtQ==",
      "license": "OFL-1.1",
      "funding": {
        "url": "https://github.com/sponsors/ayuhito"
      }
    },
    "node_modules/@tailwindcss/container-queries": {
      "version": "0.1.1",
      "resolved": "https://registry.npmjs.org/@tailwindcss/container-queries/-/container-queries-0.1.1.tgz",
      "integrity": "sha512-p18dswChx6WnTSaJCSGx6lTmrGzNNvm2FtXmiO6AuA1V4U5REyoqwmT6kgAsIMdjo07QdAfYXHJ4hnMtfHzWgA==",
      "dev": true,
      "license": "MIT",
      "peerDependencies": {
        "tailwindcss": ">=3.2.0"
      }
    },
    "node_modules/@tailwindcss/forms": {
      "version": "0.5.11",
      "resolved": "https://registry.npmjs.org/@tailwindcss/forms/-/forms-0.5.11.tgz",
      "integrity": "sha512-h9wegbZDPurxG22xZSoWtdzc41/OlNEUQERNqI/0fOwa2aVlWGu7C35E/x6LDyD3lgtztFSSjKZyuVM0hxhbgA==",
      "dev": true,
      "license": "MIT",
      "dependencies": {
        "mini-svg-data-uri": "^1.2.3"
      },
      "peerDependencies": {
        "tailwindcss": ">=3.0.0 || >= 3.0.0-alpha.1 || >= 4.0.0-alpha.20 || >= 4.0.0-beta.1"
      }
    },
    "node_modules/mini-svg-data-uri": {
      "version": "1.4.4",
      "resolved": "https://registry.npmjs.org/mini-svg-data-uri/-/mini-svg-data-uri-1.4.4.tgz",
      "integrity": "sha512-r9deDe9p5FJUPZAk3A59wGH7Ii9YrjjWw0jmw/liSbHl2CHiyXj6FcDXDu2K3TjVAXqiJdaw3xxwlZZr9E6nHg==",
      "dev": true,
      "license": "MIT",
      "bin": {
        "mini-svg-data-uri": "cli.js"
      }
    },
    "node_modules/tailwindcss": {
      "version": "4.2.4",
      "resolved": "https://registry.npmjs.org/tailwindcss/-/tailwindcss-4.2.4.tgz",
      "integrity": "sha512-HhKppgO81FQof5m6TEnuBWCZGgfRAWbaeOaGT00KOy/Pf/j6oUihdvBpA7ltCeAvZpFhW3j0PTclkxsd4IXYDA==",
      "dev": true,
      "license": "MIT"
    }
  }
}
